
Microsoft Visual Studio Solution File, Format Version 12.00
# Visual Studio 14
VisualStudioVersion = 14.0.23107.0
MinimumVisualStudioVersion = 10.0.40219.1
Project("{FAE04EC0-301F-11D3-BF4B-00C04F79EFBC}") = "Es.Logging", "Es.Logging\Es.Logging.csproj", "{2F0E2820-4B10-45FD-8FBF-ADD52325B499}"
EndProject
Project("{FAE04EC0-301F-11D3-BF4B-00C04F79EFBC}") = "LoggingTest", "LoggingTest\LoggingTest.csproj", "{1EE34F09-7376-4EF1-812E-AE195750E3FC}"
EndProject
Project("{FAE04EC0-301F-11D3-BF4B-00C04F79EFBC}") = "Es.Logging.Console", "Es.Logging.Console\Es.Logging.Console.csproj", "{F444E7F9-FCD2-4FB8-A5CF-FB86244E86E1}"
EndProject
Project("{FAE04EC0-301F-11D3-BF4B-00C04F79EFBC}") = "Es.Logging.NLog", "Es.Logging.NLog\Es.Logging.NLog.csproj", "{169064EC-C69D-4FCD-812D-C075AE049C0C}"
EndProject
Project("{FAE04EC0-301F-11D3-BF4B-00C04F79EFBC}") = "Es.Logging.Log4", "Es.Logging.Log4\Es.Logging.Log4.csproj", "{850A06A4-C343-469E-BC93-5868538E804C}"
EndProject
Project("{FAE04EC0-301F-11D3-BF4B-00C04F79EFBC}") = "Sample", "Sample\Sample.csproj", "{44DC52E9-A9D8-44D0-8BB9-48FC223C41B2}"
EndProject
Global
	GlobalSection(SolutionConfigurationPlatforms) = preSolution
		Debug|Any CPU = Debug|Any CPU
		Release|Any CPU = Release|Any CPU
	EndGlobalSection
	GlobalSection(ProjectConfigurationPlatforms) = postSolution
		{2F0E2820-4B10-45FD-8FBF-ADD52325B499}.Debug|Any CPU.ActiveCfg = Debug|Any CPU
		{2F0E2820-4B10-45FD-8FBF-ADD52325B499}.Debug|Any CPU.Build.0 = Debug|Any CPU
		{2F0E2820-4B10-45FD-8FBF-ADD52325B499}.Release|Any CPU.ActiveCfg = Release|Any CPU
		{2F0E2820-4B10-45FD-8FBF-ADD52325B499}.Release|Any CPU.Build.0 = Release|Any CPU
		{1EE34F09-7376-4EF1-812E-AE195750E3FC}.Debug|Any CPU.ActiveCfg = Debug|Any CPU
		{1EE34F09-7376-4EF1-812E-AE195750E3FC}.Debug|Any CPU.Build.0 = Debug|Any CPU
		{1EE34F09-7376-4EF1-812E-AE195750E3FC}.Release|Any CPU.ActiveCfg = Release|Any CPU
		{1EE34F09-7376-4EF1-812E-AE195750E3FC}.Release|Any CPU.Build.0 = Release|Any CPU
		{F444E7F9-FCD2-4FB8-A5CF-FB86244E86E1}.Debug|Any CPU.ActiveCfg = Debug|Any CPU
		{F444E7F9-FCD2-4FB8-A5CF-FB86244E86E1}.Debug|Any CPU.Build.0 = Debug|Any CPU
		{F444E7F9-FCD2-4FB8-A5CF-FB86244E86E1}.Release|Any CPU.ActiveCfg = Release|Any CPU
		{F444E7F9-FCD2-4FB8-A5CF-FB86244E86E1}.Release|Any CPU.Build.0 = Release|Any CPU
		{169064EC-C69D-4FCD-812D-C075AE049C0C}.Debug|Any CPU.ActiveCfg = Debug|Any CPU
		{169064EC-C69D-4FCD-812D-C075AE049C0C}.Debug|Any CPU.Build.0 = Debug|Any CPU
		{169064EC-C69D-4FCD-812D-C075AE049C0C}.Release|Any CPU.ActiveCfg = Release|Any CPU
		{169064EC-C69D-4FCD-812D-C075AE049C0C}.Release|Any CPU.Build.0 = Release|Any CPU
		{850A06A4-C343-469E-BC93-5868538E804C}.Debug|Any CPU.ActiveCfg = Debug|Any CPU
		{850A06A4-C343-469E-BC93-5868538E804C}.Debug|Any CPU.Build.0 = Debug|Any CPU
		{850A06A4-C343-469E-BC93-5868538E804C}.Release|Any CPU.ActiveCfg = Release|Any CPU
		{850A06A4-C343-469E-BC93-5868538E804C}.Release|Any CPU.Build.0 = Release|Any CPU
		{44DC52E9-A9D8-44D0-8BB9-48FC223C41B2}.Debug|Any CPU.ActiveCfg = Debug|Any CPU
		{44DC52E9-A9D8-44D0-8BB9-48FC223C41B2}.Debug|Any CPU.Build.0 = Debug|Any CPU
		{44DC52E9-A9D8-44D0-8BB9-48FC223C41B2}.Release|Any CPU.ActiveCfg = Release|Any CPU
		{44DC52E9-A9D8-44D0-8BB9-48FC223C41B2}.Release|Any CPU.Build.0 = Release|Any CPU
	EndGlobalSection
	GlobalSection(SolutionProperties) = preSolution
		HideSolutionNode = FALSE
	EndGlobalSection
EndGlobal
